
Microsoft Visual Studio Solution File, Format Version 12.00
# Visual Studio Version 16
VisualStudioVersion = 16.0.30128.74
MinimumVisualStudioVersion = 10.0.40219.1
Project("{FAE04EC0-301F-11D3-BF4B-00C04F79EFBC}") = "MsfsExtensionPlugin", "MsfsExtensionPlugin\MsfsExtensionPlugin.csproj", "{178CFCA6-9E3A-4D99-84ED-4F5905509BD0}"
EndProject
Global
	GlobalSection(SolutionConfigurationPlatforms) = preSolution
		Debug|Any CPU = Debug|Any CPU
		Release|Any CPU = Release|Any CPU
	EndGlobalSection
	GlobalSection(ProjectConfigurationPlatforms) = postSolution
		{178CFCA6-9E3A-4D99-84ED-4F5905509BD0}.Debug|Any CPU.ActiveCfg = Debug|Any CPU
		{178CFCA6-9E3A-4D99-84ED-4F5905509BD0}.Debug|Any CPU.Build.0 = Debug|Any CPU
		{178CFCA6-9E3A-4D99-84ED-4F5905509BD0}.Release|Any CPU.ActiveCfg = Release|Any CPU
		{178CFCA6-9E3A-4D99-84ED-4F5905509BD0}.Release|Any CPU.Build.0 = Release|Any CPU
	EndGlobalSection
	GlobalSection(SolutionProperties) = preSolution
		HideSolutionNode = FALSE
	EndGlobalSection
	GlobalSection(ExtensibilityGlobals) = postSolution
		SolutionGuid = {ED701B60-FC9A-4D97-B1A3-CF57830D9F42}
	EndGlobalSection
EndGlobal
