Microsoft Visual Studio Solution File, Format Version 12.00
# Visual Studio Version 17
VisualStudioVersion = 17.5.33627.172
MinimumVisualStudioVersion = 10.0.40219.1
Project("{FAE04EC0-301F-11D3-BF4B-00C04F79EFBC}") = "MsfsExtensionPlugin", "MsfsExtensionPlugin\MsfsExtensionPlugin.csproj", "{178CFCA6-9E3A-4D99-84ED-4F5905509BD0}"
EndProject
Project("{FAE04EC0-301F-11D3-BF4B-00C04F79EFBC}") = "SimConnectTest", "SimConnectTest\SimConnectTest.csproj", "{6CC3D309-42F0-48E0-83F9-15DA9B8E89CF}"
EndProject
Project("{FAE04EC0-301F-11D3-BF4B-00C04F79EFBC}") = "MsfsPlugin", "msfsdeck\MsfsPlugin\MsfsPlugin\MsfsPlugin.csproj", "{1AD1275A-D72D-42A3-8469-F670A4561EB6}"
EndProject
Global
	GlobalSection(SolutionConfigurationPlatforms) = preSolution
		Debug|Any CPU = Debug|Any CPU
		Debug|x64 = Debug|x64
		Release|Any CPU = Release|Any CPU
		Release|x64 = Release|x64
	EndGlobalSection
	GlobalSection(ProjectConfigurationPlatforms) = postSolution
		{178CFCA6-9E3A-4D99-84ED-4F5905509BD0}.Debug|Any CPU.ActiveCfg = Debug|Any CPU
		{178CFCA6-9E3A-4D99-84ED-4F5905509BD0}.Debug|Any CPU.Build.0 = Debug|Any CPU
		{178CFCA6-9E3A-4D99-84ED-4F5905509BD0}.Debug|x64.ActiveCfg = Debug|Any CPU
		{178CFCA6-9E3A-4D99-84ED-4F5905509BD0}.Debug|x64.Build.0 = Debug|Any CPU
		{178CFCA6-9E3A-4D99-84ED-4F5905509BD0}.Release|Any CPU.ActiveCfg = Release|Any CPU
		{178CFCA6-9E3A-4D99-84ED-4F5905509BD0}.Release|Any CPU.Build.0 = Release|Any CPU
		{178CFCA6-9E3A-4D99-84ED-4F5905509BD0}.Release|x64.ActiveCfg = Release|Any CPU
		{178CFCA6-9E3A-4D99-84ED-4F5905509BD0}.Release|x64.Build.0 = Release|Any CPU
		{6CC3D309-42F0-48E0-83F9-15DA9B8E89CF}.Debug|Any CPU.ActiveCfg = Debug|Any CPU
		{6CC3D309-42F0-48E0-83F9-15DA9B8E89CF}.Debug|Any CPU.Build.0 = Debug|Any CPU
		{6CC3D309-42F0-48E0-83F9-15DA9B8E89CF}.Debug|x64.ActiveCfg = Debug|x64
		{6CC3D309-42F0-48E0-83F9-15DA9B8E89CF}.Debug|x64.Build.0 = Debug|x64
		{6CC3D309-42F0-48E0-83F9-15DA9B8E89CF}.Release|Any CPU.ActiveCfg = Release|Any CPU
		{6CC3D309-42F0-48E0-83F9-15DA9B8E89CF}.Release|Any CPU.Build.0 = Release|Any CPU
		{6CC3D309-42F0-48E0-83F9-15DA9B8E89CF}.Release|x64.ActiveCfg = Release|x64
		{6CC3D309-42F0-48E0-83F9-15DA9B8E89CF}.Release|x64.Build.0 = Release|x64
		{1AD1275A-D72D-42A3-8469-F670A4561EB6}.Debug|Any CPU.ActiveCfg = Debug|Any CPU
		{1AD1275A-D72D-42A3-8469-F670A4561EB6}.Debug|Any CPU.Build.0 = Debug|Any CPU
		{1AD1275A-D72D-42A3-8469-F670A4561EB6}.Debug|x64.ActiveCfg = Debug|x64
		{1AD1275A-D72D-42A3-8469-F670A4561EB6}.Debug|x64.Build.0 = Debug|x64
		{1AD1275A-D72D-42A3-8469-F670A4561EB6}.Release|Any CPU.ActiveCfg = Release|Any CPU
		{1AD1275A-D72D-42A3-8469-F670A4561EB6}.Release|Any CPU.Build.0 = Release|Any CPU
		{1AD1275A-D72D-42A3-8469-F670A4561EB6}.Release|x64.ActiveCfg = Release|x64
		{1AD1275A-D72D-42A3-8469-F670A4561EB6}.Release|x64.Build.0 = Release|x64
	EndGlobalSection
	GlobalSection(SolutionProperties) = preSolution
		HideSolutionNode = FALSE
	EndGlobalSection
	GlobalSection(ExtensibilityGlobals) = postSolution
		SolutionGuid = {ED701B60-FC9A-4D97-B1A3-CF57830D9F42}
	EndGlobalSection
EndGlobal
